
Microsoft Visual Studio Solution File, Format Version 12.00
# Visual Studio Version 16
VisualStudioVersion = 25.0.1706.6
MinimumVisualStudioVersion = 10.0.40219.1
Project("{FAE04EC0-301F-11D3-BF4B-00C04F79EFBC}") = "Strum Back", "Strum Back\Strum Back.csproj", "{98E055F8-BAF3-49ED-A228-E78188FB3872}"
EndProject
Project("{FAE04EC0-301F-11D3-BF4B-00C04F79EFBC}") = "Strum.Core", "Strum.Core\Strum.Core.csproj", "{73BCD829-295E-490A-B9E8-18BB93A81E3F}"
EndProject
Project("{FAE04EC0-301F-11D3-BF4B-00C04F79EFBC}") = "Strum.Infrastructure", "Strum.Infrastructure\Strum.Infrastructure.csproj", "{8082D86C-4935-45C6-B1D9-6C87A08ACCE4}"
EndProject
Project("{FAE04EC0-301F-11D3-BF4B-00C04F79EFBC}") = "Strum.Logic", "Strum.Logic\Strum.Logic.csproj", "{5C20CD8D-8CD5-4A8F-9499-31D49A3D43DC}"
EndProject
Global
	GlobalSection(SolutionConfigurationPlatforms) = preSolution
		Debug|Any CPU = Debug|Any CPU
		Release|Any CPU = Release|Any CPU
	EndGlobalSection
	GlobalSection(ProjectConfigurationPlatforms) = postSolution
		{98E055F8-BAF3-49ED-A228-E78188FB3872}.Debug|Any CPU.ActiveCfg = Debug|Any CPU
		{98E055F8-BAF3-49ED-A228-E78188FB3872}.Debug|Any CPU.Build.0 = Debug|Any CPU
		{98E055F8-BAF3-49ED-A228-E78188FB3872}.Release|Any CPU.ActiveCfg = Release|Any CPU
		{98E055F8-BAF3-49ED-A228-E78188FB3872}.Release|Any CPU.Build.0 = Release|Any CPU
		{73BCD829-295E-490A-B9E8-18BB93A81E3F}.Debug|Any CPU.ActiveCfg = Debug|Any CPU
		{73BCD829-295E-490A-B9E8-18BB93A81E3F}.Debug|Any CPU.Build.0 = Debug|Any CPU
		{73BCD829-295E-490A-B9E8-18BB93A81E3F}.Release|Any CPU.ActiveCfg = Release|Any CPU
		{73BCD829-295E-490A-B9E8-18BB93A81E3F}.Release|Any CPU.Build.0 = Release|Any CPU
		{8082D86C-4935-45C6-B1D9-6C87A08ACCE4}.Debug|Any CPU.ActiveCfg = Debug|Any CPU
		{8082D86C-4935-45C6-B1D9-6C87A08ACCE4}.Debug|Any CPU.Build.0 = Debug|Any CPU
		{8082D86C-4935-45C6-B1D9-6C87A08ACCE4}.Release|Any CPU.ActiveCfg = Release|Any CPU
		{8082D86C-4935-45C6-B1D9-6C87A08ACCE4}.Release|Any CPU.Build.0 = Release|Any CPU
		{5C20CD8D-8CD5-4A8F-9499-31D49A3D43DC}.Debug|Any CPU.ActiveCfg = Debug|Any CPU
		{5C20CD8D-8CD5-4A8F-9499-31D49A3D43DC}.Debug|Any CPU.Build.0 = Debug|Any CPU
		{5C20CD8D-8CD5-4A8F-9499-31D49A3D43DC}.Release|Any CPU.ActiveCfg = Release|Any CPU
		{5C20CD8D-8CD5-4A8F-9499-31D49A3D43DC}.Release|Any CPU.Build.0 = Release|Any CPU
	EndGlobalSection
	GlobalSection(SolutionProperties) = preSolution
		HideSolutionNode = FALSE
	EndGlobalSection
	GlobalSection(ExtensibilityGlobals) = postSolution
		SolutionGuid = {57D348FB-1DFA-41FA-A6FE-151BE53FD1FB}
	EndGlobalSection
EndGlobal
